
Microsoft Visual Studio Solution File, Format Version 12.00
# Visual Studio Version 17
VisualStudioVersion = 17.7.34018.315
MinimumVisualStudioVersion = 10.0.40219.1
Project("{9A19103F-16F7-4668-BE54-9A1E7A4F7556}") = "CustomerOrdersAPI", "CustomerOrdersAPI\CustomerOrdersAPI.csproj", "{4A6046D2-AC1A-4A39-AF57-095766D996DA}"
EndProject
Project("{FAE04EC0-301F-11D3-BF4B-00C04F79EFBC}") = "CustomerOrdersBlazor", "CustomerOrdersBlazor\CustomerOrdersBlazor.csproj", "{A332207A-657D-4697-8A96-052B674D849D}"
EndProject
Global
	GlobalSection(SolutionConfigurationPlatforms) = preSolution
		Debug|Any CPU = Debug|Any CPU
		Release|Any CPU = Release|Any CPU
	EndGlobalSection
	GlobalSection(ProjectConfigurationPlatforms) = postSolution
		{4A6046D2-AC1A-4A39-AF57-095766D996DA}.Debug|Any CPU.ActiveCfg = Debug|Any CPU
		{4A6046D2-AC1A-4A39-AF57-095766D996DA}.Debug|Any CPU.Build.0 = Debug|Any CPU
		{4A6046D2-AC1A-4A39-AF57-095766D996DA}.Release|Any CPU.ActiveCfg = Release|Any CPU
		{4A6046D2-AC1A-4A39-AF57-095766D996DA}.Release|Any CPU.Build.0 = Release|Any CPU
		{A332207A-657D-4697-8A96-052B674D849D}.Debug|Any CPU.ActiveCfg = Debug|Any CPU
		{A332207A-657D-4697-8A96-052B674D849D}.Debug|Any CPU.Build.0 = Debug|Any CPU
		{A332207A-657D-4697-8A96-052B674D849D}.Release|Any CPU.ActiveCfg = Release|Any CPU
		{A332207A-657D-4697-8A96-052B674D849D}.Release|Any CPU.Build.0 = Release|Any CPU
	EndGlobalSection
	GlobalSection(SolutionProperties) = preSolution
		HideSolutionNode = FALSE
	EndGlobalSection
	GlobalSection(ExtensibilityGlobals) = postSolution
		SolutionGuid = {5D9F008F-761E-4CAB-B359-18F9375AAC8F}
	EndGlobalSection
EndGlobal
